
Microsoft Visual Studio Solution File, Format Version 12.00
# Visual Studio Version 17
VisualStudioVersion = 17.0.31903.59
MinimumVisualStudioVersion = 10.0.40219.1
Project("{FAE04EC0-301F-11D3-BF4B-00C04F79EFBC}") = "ConsoleApp1", "ConsoleApp1\ConsoleApp1.csproj", "{FBB1FCD2-A062-4265-BF48-A5606883F240}"
EndProject
Project("{FAE04EC0-301F-11D3-BF4B-00C04F79EFBC}") = "Variables", "Variables\Variables.csproj", "{45422072-0072-4022-BDF2-95B35A550026}"
EndProject
Project("{FAE04EC0-301F-11D3-BF4B-00C04F79EFBC}") = "Decisions", "Decisions\Decisions.csproj", "{EF013757-44E5-4ABB-9AC0-34751DC7A418}"
EndProject
Project("{FAE04EC0-301F-11D3-BF4B-00C04F79EFBC}") = "ForIteration", "ForIteration\ForIteration.csproj", "{2D5320C2-BAE5-4B9A-9E0B-D01A3EE52D1F}"
EndProject
Project("{FAE04EC0-301F-11D3-BF4B-00C04F79EFBC}") = "Arrays", "Arrays\Arrays.csproj", "{EA0A3CCC-6385-4EF6-8F6F-8C4D6A13F607}"
EndProject
Project("{FAE04EC0-301F-11D3-BF4B-00C04F79EFBC}") = "DatesAndTimes", "DatesAndTimes\DatesAndTimes.csproj", "{F226D497-4D2A-409A-AAD1-98172B2F0CD9}"
EndProject
Project("{FAE04EC0-301F-11D3-BF4B-00C04F79EFBC}") = "HippHipp", "HippHipp\HippHipp.csproj", "{77441B2D-4E24-4407-B761-27D6DFCDB575}"
EndProject
Project("{FAE04EC0-301F-11D3-BF4B-00C04F79EFBC}") = "AddTwoNumbers", "AddTwoNumbers\AddTwoNumbers.csproj", "{31772C9B-9FBB-4A49-8952-FDDB7AE7903D}"
EndProject
Project("{FAE04EC0-301F-11D3-BF4B-00C04F79EFBC}") = "FizzBuzz", "FizzBuzz\FizzBuzz.csproj", "{AF39BA36-79DF-441B-B68C-6DF66474DC55}"
EndProject
Project("{FAE04EC0-301F-11D3-BF4B-00C04F79EFBC}") = "Echo", "Echo\Echo.csproj", "{60B1C84C-5592-47F3-870E-566309DCC5B5}"
EndProject
Project("{FAE04EC0-301F-11D3-BF4B-00C04F79EFBC}") = "WhileIteration", "WhileIteration\WhileIteration.csproj", "{8A0E38D1-483F-4BB1-AD83-D073A023E8A4}"
EndProject
Global
	GlobalSection(SolutionConfigurationPlatforms) = preSolution
		Debug|Any CPU = Debug|Any CPU
		Debug|x64 = Debug|x64
		Debug|x86 = Debug|x86
		Release|Any CPU = Release|Any CPU
		Release|x64 = Release|x64
		Release|x86 = Release|x86
	EndGlobalSection
	GlobalSection(ProjectConfigurationPlatforms) = postSolution
		{FBB1FCD2-A062-4265-BF48-A5606883F240}.Debug|Any CPU.ActiveCfg = Debug|Any CPU
		{FBB1FCD2-A062-4265-BF48-A5606883F240}.Debug|Any CPU.Build.0 = Debug|Any CPU
		{FBB1FCD2-A062-4265-BF48-A5606883F240}.Debug|x64.ActiveCfg = Debug|Any CPU
		{FBB1FCD2-A062-4265-BF48-A5606883F240}.Debug|x64.Build.0 = Debug|Any CPU
		{FBB1FCD2-A062-4265-BF48-A5606883F240}.Debug|x86.ActiveCfg = Debug|Any CPU
		{FBB1FCD2-A062-4265-BF48-A5606883F240}.Debug|x86.Build.0 = Debug|Any CPU
		{FBB1FCD2-A062-4265-BF48-A5606883F240}.Release|Any CPU.ActiveCfg = Release|Any CPU
		{FBB1FCD2-A062-4265-BF48-A5606883F240}.Release|Any CPU.Build.0 = Release|Any CPU
		{FBB1FCD2-A062-4265-BF48-A5606883F240}.Release|x64.ActiveCfg = Release|Any CPU
		{FBB1FCD2-A062-4265-BF48-A5606883F240}.Release|x64.Build.0 = Release|Any CPU
		{FBB1FCD2-A062-4265-BF48-A5606883F240}.Release|x86.ActiveCfg = Release|Any CPU
		{FBB1FCD2-A062-4265-BF48-A5606883F240}.Release|x86.Build.0 = Release|Any CPU
		{45422072-0072-4022-BDF2-95B35A550026}.Debug|Any CPU.ActiveCfg = Debug|Any CPU
		{45422072-0072-4022-BDF2-95B35A550026}.Debug|Any CPU.Build.0 = Debug|Any CPU
		{45422072-0072-4022-BDF2-95B35A550026}.Debug|x64.ActiveCfg = Debug|Any CPU
		{45422072-0072-4022-BDF2-95B35A550026}.Debug|x64.Build.0 = Debug|Any CPU
		{45422072-0072-4022-BDF2-95B35A550026}.Debug|x86.ActiveCfg = Debug|Any CPU
		{45422072-0072-4022-BDF2-95B35A550026}.Debug|x86.Build.0 = Debug|Any CPU
		{45422072-0072-4022-BDF2-95B35A550026}.Release|Any CPU.ActiveCfg = Release|Any CPU
		{45422072-0072-4022-BDF2-95B35A550026}.Release|Any CPU.Build.0 = Release|Any CPU
		{45422072-0072-4022-BDF2-95B35A550026}.Release|x64.ActiveCfg = Release|Any CPU
		{45422072-0072-4022-BDF2-95B35A550026}.Release|x64.Build.0 = Release|Any CPU
		{45422072-0072-4022-BDF2-95B35A550026}.Release|x86.ActiveCfg = Release|Any CPU
		{45422072-0072-4022-BDF2-95B35A550026}.Release|x86.Build.0 = Release|Any CPU
		{EF013757-44E5-4ABB-9AC0-34751DC7A418}.Debug|Any CPU.ActiveCfg = Debug|Any CPU
		{EF013757-44E5-4ABB-9AC0-34751DC7A418}.Debug|Any CPU.Build.0 = Debug|Any CPU
		{EF013757-44E5-4ABB-9AC0-34751DC7A418}.Debug|x64.ActiveCfg = Debug|Any CPU
		{EF013757-44E5-4ABB-9AC0-34751DC7A418}.Debug|x64.Build.0 = Debug|Any CPU
		{EF013757-44E5-4ABB-9AC0-34751DC7A418}.Debug|x86.ActiveCfg = Debug|Any CPU
		{EF013757-44E5-4ABB-9AC0-34751DC7A418}.Debug|x86.Build.0 = Debug|Any CPU
		{EF013757-44E5-4ABB-9AC0-34751DC7A418}.Release|Any CPU.ActiveCfg = Release|Any CPU
		{EF013757-44E5-4ABB-9AC0-34751DC7A418}.Release|Any CPU.Build.0 = Release|Any CPU
		{EF013757-44E5-4ABB-9AC0-34751DC7A418}.Release|x64.ActiveCfg = Release|Any CPU
		{EF013757-44E5-4ABB-9AC0-34751DC7A418}.Release|x64.Build.0 = Release|Any CPU
		{EF013757-44E5-4ABB-9AC0-34751DC7A418}.Release|x86.ActiveCfg = Release|Any CPU
		{EF013757-44E5-4ABB-9AC0-34751DC7A418}.Release|x86.Build.0 = Release|Any CPU
		{2D5320C2-BAE5-4B9A-9E0B-D01A3EE52D1F}.Debug|Any CPU.ActiveCfg = Debug|Any CPU
		{2D5320C2-BAE5-4B9A-9E0B-D01A3EE52D1F}.Debug|Any CPU.Build.0 = Debug|Any CPU
		{2D5320C2-BAE5-4B9A-9E0B-D01A3EE52D1F}.Debug|x64.ActiveCfg = Debug|Any CPU
		{2D5320C2-BAE5-4B9A-9E0B-D01A3EE52D1F}.Debug|x64.Build.0 = Debug|Any CPU
		{2D5320C2-BAE5-4B9A-9E0B-D01A3EE52D1F}.Debug|x86.ActiveCfg = Debug|Any CPU
		{2D5320C2-BAE5-4B9A-9E0B-D01A3EE52D1F}.Debug|x86.Build.0 = Debug|Any CPU
		{2D5320C2-BAE5-4B9A-9E0B-D01A3EE52D1F}.Release|Any CPU.ActiveCfg = Release|Any CPU
		{2D5320C2-BAE5-4B9A-9E0B-D01A3EE52D1F}.Release|Any CPU.Build.0 = Release|Any CPU
		{2D5320C2-BAE5-4B9A-9E0B-D01A3EE52D1F}.Release|x64.ActiveCfg = Release|Any CPU
		{2D5320C2-BAE5-4B9A-9E0B-D01A3EE52D1F}.Release|x64.Build.0 = Release|Any CPU
		{2D5320C2-BAE5-4B9A-9E0B-D01A3EE52D1F}.Release|x86.ActiveCfg = Release|Any CPU
		{2D5320C2-BAE5-4B9A-9E0B-D01A3EE52D1F}.Release|x86.Build.0 = Release|Any CPU
		{EA0A3CCC-6385-4EF6-8F6F-8C4D6A13F607}.Debug|Any CPU.ActiveCfg = Debug|Any CPU
		{EA0A3CCC-6385-4EF6-8F6F-8C4D6A13F607}.Debug|Any CPU.Build.0 = Debug|Any CPU
		{EA0A3CCC-6385-4EF6-8F6F-8C4D6A13F607}.Debug|x64.ActiveCfg = Debug|Any CPU
		{EA0A3CCC-6385-4EF6-8F6F-8C4D6A13F607}.Debug|x64.Build.0 = Debug|Any CPU
		{EA0A3CCC-6385-4EF6-8F6F-8C4D6A13F607}.Debug|x86.ActiveCfg = Debug|Any CPU
		{EA0A3CCC-6385-4EF6-8F6F-8C4D6A13F607}.Debug|x86.Build.0 = Debug|Any CPU
		{EA0A3CCC-6385-4EF6-8F6F-8C4D6A13F607}.Release|Any CPU.ActiveCfg = Release|Any CPU
		{EA0A3CCC-6385-4EF6-8F6F-8C4D6A13F607}.Release|Any CPU.Build.0 = Release|Any CPU
		{EA0A3CCC-6385-4EF6-8F6F-8C4D6A13F607}.Release|x64.ActiveCfg = Release|Any CPU
		{EA0A3CCC-6385-4EF6-8F6F-8C4D6A13F607}.Release|x64.Build.0 = Release|Any CPU
		{EA0A3CCC-6385-4EF6-8F6F-8C4D6A13F607}.Release|x86.ActiveCfg = Release|Any CPU
		{EA0A3CCC-6385-4EF6-8F6F-8C4D6A13F607}.Release|x86.Build.0 = Release|Any CPU
		{F226D497-4D2A-409A-AAD1-98172B2F0CD9}.Debug|Any CPU.ActiveCfg = Debug|Any CPU
		{F226D497-4D2A-409A-AAD1-98172B2F0CD9}.Debug|Any CPU.Build.0 = Debug|Any CPU
		{F226D497-4D2A-409A-AAD1-98172B2F0CD9}.Debug|x64.ActiveCfg = Debug|Any CPU
		{F226D497-4D2A-409A-AAD1-98172B2F0CD9}.Debug|x64.Build.0 = Debug|Any CPU
		{F226D497-4D2A-409A-AAD1-98172B2F0CD9}.Debug|x86.ActiveCfg = Debug|Any CPU
		{F226D497-4D2A-409A-AAD1-98172B2F0CD9}.Debug|x86.Build.0 = Debug|Any CPU
		{F226D497-4D2A-409A-AAD1-98172B2F0CD9}.Release|Any CPU.ActiveCfg = Release|Any CPU
		{F226D497-4D2A-409A-AAD1-98172B2F0CD9}.Release|Any CPU.Build.0 = Release|Any CPU
		{F226D497-4D2A-409A-AAD1-98172B2F0CD9}.Release|x64.ActiveCfg = Release|Any CPU
		{F226D497-4D2A-409A-AAD1-98172B2F0CD9}.Release|x64.Build.0 = Release|Any CPU
		{F226D497-4D2A-409A-AAD1-98172B2F0CD9}.Release|x86.ActiveCfg = Release|Any CPU
		{F226D497-4D2A-409A-AAD1-98172B2F0CD9}.Release|x86.Build.0 = Release|Any CPU
		{77441B2D-4E24-4407-B761-27D6DFCDB575}.Debug|Any CPU.ActiveCfg = Debug|Any CPU
		{77441B2D-4E24-4407-B761-27D6DFCDB575}.Debug|Any CPU.Build.0 = Debug|Any CPU
		{77441B2D-4E24-4407-B761-27D6DFCDB575}.Debug|x64.ActiveCfg = Debug|Any CPU
		{77441B2D-4E24-4407-B761-27D6DFCDB575}.Debug|x64.Build.0 = Debug|Any CPU
		{77441B2D-4E24-4407-B761-27D6DFCDB575}.Debug|x86.ActiveCfg = Debug|Any CPU
		{77441B2D-4E24-4407-B761-27D6DFCDB575}.Debug|x86.Build.0 = Debug|Any CPU
		{77441B2D-4E24-4407-B761-27D6DFCDB575}.Release|Any CPU.ActiveCfg = Release|Any CPU
		{77441B2D-4E24-4407-B761-27D6DFCDB575}.Release|Any CPU.Build.0 = Release|Any CPU
		{77441B2D-4E24-4407-B761-27D6DFCDB575}.Release|x64.ActiveCfg = Release|Any CPU
		{77441B2D-4E24-4407-B761-27D6DFCDB575}.Release|x64.Build.0 = Release|Any CPU
		{77441B2D-4E24-4407-B761-27D6DFCDB575}.Release|x86.ActiveCfg = Release|Any CPU
		{77441B2D-4E24-4407-B761-27D6DFCDB575}.Release|x86.Build.0 = Release|Any CPU
		{31772C9B-9FBB-4A49-8952-FDDB7AE7903D}.Debug|Any CPU.ActiveCfg = Debug|Any CPU
		{31772C9B-9FBB-4A49-8952-FDDB7AE7903D}.Debug|Any CPU.Build.0 = Debug|Any CPU
		{31772C9B-9FBB-4A49-8952-FDDB7AE7903D}.Debug|x64.ActiveCfg = Debug|Any CPU
		{31772C9B-9FBB-4A49-8952-FDDB7AE7903D}.Debug|x64.Build.0 = Debug|Any CPU
		{31772C9B-9FBB-4A49-8952-FDDB7AE7903D}.Debug|x86.ActiveCfg = Debug|Any CPU
		{31772C9B-9FBB-4A49-8952-FDDB7AE7903D}.Debug|x86.Build.0 = Debug|Any CPU
		{31772C9B-9FBB-4A49-8952-FDDB7AE7903D}.Release|Any CPU.ActiveCfg = Release|Any CPU
		{31772C9B-9FBB-4A49-8952-FDDB7AE7903D}.Release|Any CPU.Build.0 = Release|Any CPU
		{31772C9B-9FBB-4A49-8952-FDDB7AE7903D}.Release|x64.ActiveCfg = Release|Any CPU
		{31772C9B-9FBB-4A49-8952-FDDB7AE7903D}.Release|x64.Build.0 = Release|Any CPU
		{31772C9B-9FBB-4A49-8952-FDDB7AE7903D}.Release|x86.ActiveCfg = Release|Any CPU
		{31772C9B-9FBB-4A49-8952-FDDB7AE7903D}.Release|x86.Build.0 = Release|Any CPU
		{AF39BA36-79DF-441B-B68C-6DF66474DC55}.Debug|Any CPU.ActiveCfg = Debug|Any CPU
		{AF39BA36-79DF-441B-B68C-6DF66474DC55}.Debug|Any CPU.Build.0 = Debug|Any CPU
		{AF39BA36-79DF-441B-B68C-6DF66474DC55}.Debug|x64.ActiveCfg = Debug|Any CPU
		{AF39BA36-79DF-441B-B68C-6DF66474DC55}.Debug|x64.Build.0 = Debug|Any CPU
		{AF39BA36-79DF-441B-B68C-6DF66474DC55}.Debug|x86.ActiveCfg = Debug|Any CPU
		{AF39BA36-79DF-441B-B68C-6DF66474DC55}.Debug|x86.Build.0 = Debug|Any CPU
		{AF39BA36-79DF-441B-B68C-6DF66474DC55}.Release|Any CPU.ActiveCfg = Release|Any CPU
		{AF39BA36-79DF-441B-B68C-6DF66474DC55}.Release|Any CPU.Build.0 = Release|Any CPU
		{AF39BA36-79DF-441B-B68C-6DF66474DC55}.Release|x64.ActiveCfg = Release|Any CPU
		{AF39BA36-79DF-441B-B68C-6DF66474DC55}.Release|x64.Build.0 = Release|Any CPU
		{AF39BA36-79DF-441B-B68C-6DF66474DC55}.Release|x86.ActiveCfg = Release|Any CPU
		{AF39BA36-79DF-441B-B68C-6DF66474DC55}.Release|x86.Build.0 = Release|Any CPU
		{60B1C84C-5592-47F3-870E-566309DCC5B5}.Debug|Any CPU.ActiveCfg = Debug|Any CPU
		{60B1C84C-5592-47F3-870E-566309DCC5B5}.Debug|Any CPU.Build.0 = Debug|Any CPU
		{60B1C84C-5592-47F3-870E-566309DCC5B5}.Debug|x64.ActiveCfg = Debug|Any CPU
		{60B1C84C-5592-47F3-870E-566309DCC5B5}.Debug|x64.Build.0 = Debug|Any CPU
		{60B1C84C-5592-47F3-870E-566309DCC5B5}.Debug|x86.ActiveCfg = Debug|Any CPU
		{60B1C84C-5592-47F3-870E-566309DCC5B5}.Debug|x86.Build.0 = Debug|Any CPU
		{60B1C84C-5592-47F3-870E-566309DCC5B5}.Release|Any CPU.ActiveCfg = Release|Any CPU
		{60B1C84C-5592-47F3-870E-566309DCC5B5}.Release|Any CPU.Build.0 = Release|Any CPU
		{60B1C84C-5592-47F3-870E-566309DCC5B5}.Release|x64.ActiveCfg = Release|Any CPU
		{60B1C84C-5592-47F3-870E-566309DCC5B5}.Release|x64.Build.0 = Release|Any CPU
		{60B1C84C-5592-47F3-870E-566309DCC5B5}.Release|x86.ActiveCfg = Release|Any CPU
		{60B1C84C-5592-47F3-870E-566309DCC5B5}.Release|x86.Build.0 = Release|Any CPU
		{8A0E38D1-483F-4BB1-AD83-D073A023E8A4}.Debug|Any CPU.ActiveCfg = Debug|Any CPU
		{8A0E38D1-483F-4BB1-AD83-D073A023E8A4}.Debug|Any CPU.Build.0 = Debug|Any CPU
		{8A0E38D1-483F-4BB1-AD83-D073A023E8A4}.Debug|x64.ActiveCfg = Debug|Any CPU
		{8A0E38D1-483F-4BB1-AD83-D073A023E8A4}.Debug|x64.Build.0 = Debug|Any CPU
		{8A0E38D1-483F-4BB1-AD83-D073A023E8A4}.Debug|x86.ActiveCfg = Debug|Any CPU
		{8A0E38D1-483F-4BB1-AD83-D073A023E8A4}.Debug|x86.Build.0 = Debug|Any CPU
		{8A0E38D1-483F-4BB1-AD83-D073A023E8A4}.Release|Any CPU.ActiveCfg = Release|Any CPU
		{8A0E38D1-483F-4BB1-AD83-D073A023E8A4}.Release|Any CPU.Build.0 = Release|Any CPU
		{8A0E38D1-483F-4BB1-AD83-D073A023E8A4}.Release|x64.ActiveCfg = Release|Any CPU
		{8A0E38D1-483F-4BB1-AD83-D073A023E8A4}.Release|x64.Build.0 = Release|Any CPU
		{8A0E38D1-483F-4BB1-AD83-D073A023E8A4}.Release|x86.ActiveCfg = Release|Any CPU
		{8A0E38D1-483F-4BB1-AD83-D073A023E8A4}.Release|x86.Build.0 = Release|Any CPU
	EndGlobalSection
	GlobalSection(SolutionProperties) = preSolution
		HideSolutionNode = FALSE
	EndGlobalSection
EndGlobal
